
Microsoft Visual Studio Solution File, Format Version 12.00
# Visual Studio Version 17
VisualStudioVersion = 17.13.35913.81 d17.13
MinimumVisualStudioVersion = 10.0.40219.1
Project("{FAE04EC0-301F-11D3-BF4B-00C04F79EFBC}") = "MovieDirectoryTgBot", "MovieDirectoryTgBot\MovieDirectoryTgBot.csproj", "{CFFD3B8C-6C95-4184-B8A0-4A3144F6A238}"
EndProject
Global
	GlobalSection(SolutionConfigurationPlatforms) = preSolution
		Debug|Any CPU = Debug|Any CPU
		Release|Any CPU = Release|Any CPU
	EndGlobalSection
	GlobalSection(ProjectConfigurationPlatforms) = postSolution
		{CFFD3B8C-6C95-4184-B8A0-4A3144F6A238}.Debug|Any CPU.ActiveCfg = Debug|Any CPU
		{CFFD3B8C-6C95-4184-B8A0-4A3144F6A238}.Debug|Any CPU.Build.0 = Debug|Any CPU
		{CFFD3B8C-6C95-4184-B8A0-4A3144F6A238}.Release|Any CPU.ActiveCfg = Release|Any CPU
		{CFFD3B8C-6C95-4184-B8A0-4A3144F6A238}.Release|Any CPU.Build.0 = Release|Any CPU
	EndGlobalSection
	GlobalSection(SolutionProperties) = preSolution
		HideSolutionNode = FALSE
	EndGlobalSection
	GlobalSection(ExtensibilityGlobals) = postSolution
		SolutionGuid = {4C34077A-DD56-4C45-8AC2-EC6F6F7076F5}
	EndGlobalSection
EndGlobal
